// !$*UTF8*$!
// Placeholder project.pbxproj — generated by flutter create
// This file is auto-generated. Run `flutter create .` in the app/ directory
// with Flutter SDK installed to get the full Xcode project configuration.
//
// Required steps:
// 1. Install Flutter SDK (https://docs.flutter.dev/get-started/install)
// 2. cd app/
// 3. flutter create . --org id.tukangndeso --project-name tukangndeso
// 4. This will regenerate the full ios/ and android/ directories
//
// The existing Dart code in lib/ will be preserved.
